
Microsoft Visual Studio Solution File, Format Version 12.00
# Visual Studio Version 17
VisualStudioVersion = 17.6.33927.249
MinimumVisualStudioVersion = 10.0.40219.1
Project("{FAE04EC0-301F-11D3-BF4B-00C04F79EFBC}") = "RecipeFriends", "RecipeFriends\RecipeFriends.csproj", "{DCC540CA-BD3E-46E3-9048-46EEEEF1EFE6}"
EndProject
Project("{FAE04EC0-301F-11D3-BF4B-00C04F79EFBC}") = "RecipeFriends.DTO", "..\shared\RecipeFriends.DTO\RecipeFriends.DTO.csproj", "{A207E1D0-94B5-42D4-A09D-A839D2C6670A}"
EndProject
Global
	GlobalSection(SolutionConfigurationPlatforms) = preSolution
		Debug|Any CPU = Debug|Any CPU
		Release|Any CPU = Release|Any CPU
	EndGlobalSection
	GlobalSection(ProjectConfigurationPlatforms) = postSolution
		{DCC540CA-BD3E-46E3-9048-46EEEEF1EFE6}.Debug|Any CPU.ActiveCfg = Debug|Any CPU
		{DCC540CA-BD3E-46E3-9048-46EEEEF1EFE6}.Debug|Any CPU.Build.0 = Debug|Any CPU
		{DCC540CA-BD3E-46E3-9048-46EEEEF1EFE6}.Release|Any CPU.ActiveCfg = Release|Any CPU
		{DCC540CA-BD3E-46E3-9048-46EEEEF1EFE6}.Release|Any CPU.Build.0 = Release|Any CPU
		{A207E1D0-94B5-42D4-A09D-A839D2C6670A}.Debug|Any CPU.ActiveCfg = Debug|Any CPU
		{A207E1D0-94B5-42D4-A09D-A839D2C6670A}.Debug|Any CPU.Build.0 = Debug|Any CPU
		{A207E1D0-94B5-42D4-A09D-A839D2C6670A}.Release|Any CPU.ActiveCfg = Release|Any CPU
		{A207E1D0-94B5-42D4-A09D-A839D2C6670A}.Release|Any CPU.Build.0 = Release|Any CPU
	EndGlobalSection
	GlobalSection(SolutionProperties) = preSolution
		HideSolutionNode = FALSE
	EndGlobalSection
	GlobalSection(ExtensibilityGlobals) = postSolution
		SolutionGuid = {20404C9C-201A-4D0A-80E0-FD1B32CB0675}
	EndGlobalSection
EndGlobal
